
Microsoft Visual Studio Solution File, Format Version 12.00
Project("{FAE04EC0-301F-11D3-BF4B-00C04F79EFBC}") = "API", "API\API.csproj", "{1C89C8CF-EBCA-4C51-A1D4-8401946DD247}"
EndProject
Project("{FAE04EC0-301F-11D3-BF4B-00C04F79EFBC}") = "Tests", "Tests\Tests.csproj", "{A2A61A1B-9240-4799-8058-D797DB79DDEF}"
EndProject
Global
	GlobalSection(SolutionConfigurationPlatforms) = preSolution
		Debug|Any CPU = Debug|Any CPU
		Release|Any CPU = Release|Any CPU
	EndGlobalSection
	GlobalSection(ProjectConfigurationPlatforms) = postSolution
		{1C89C8CF-EBCA-4C51-A1D4-8401946DD247}.Debug|Any CPU.ActiveCfg = Debug|Any CPU
		{1C89C8CF-EBCA-4C51-A1D4-8401946DD247}.Debug|Any CPU.Build.0 = Debug|Any CPU
		{1C89C8CF-EBCA-4C51-A1D4-8401946DD247}.Release|Any CPU.ActiveCfg = Release|Any CPU
		{1C89C8CF-EBCA-4C51-A1D4-8401946DD247}.Release|Any CPU.Build.0 = Release|Any CPU
		{A2A61A1B-9240-4799-8058-D797DB79DDEF}.Debug|Any CPU.ActiveCfg = Debug|Any CPU
		{A2A61A1B-9240-4799-8058-D797DB79DDEF}.Debug|Any CPU.Build.0 = Debug|Any CPU
		{A2A61A1B-9240-4799-8058-D797DB79DDEF}.Release|Any CPU.ActiveCfg = Release|Any CPU
		{A2A61A1B-9240-4799-8058-D797DB79DDEF}.Release|Any CPU.Build.0 = Release|Any CPU
	EndGlobalSection
EndGlobal
